
Microsoft Visual Studio Solution File, Format Version 12.00
# Visual Studio 14
VisualStudioVersion = 14.0.25420.1
MinimumVisualStudioVersion = 10.0.40219.1
Project("{FAE04EC0-301F-11D3-BF4B-00C04F79EFBC}") = "Labb8G", "Labb8\Labb8G.csproj", "{CE9B81A3-C8BB-40B0-8C95-2E6BB697D697}"
EndProject
Global
	GlobalSection(SolutionConfigurationPlatforms) = preSolution
		Debug|Any CPU = Debug|Any CPU
		Release|Any CPU = Release|Any CPU
	EndGlobalSection
	GlobalSection(ProjectConfigurationPlatforms) = postSolution
		{CE9B81A3-C8BB-40B0-8C95-2E6BB697D697}.Debug|Any CPU.ActiveCfg = Debug|Any CPU
		{CE9B81A3-C8BB-40B0-8C95-2E6BB697D697}.Debug|Any CPU.Build.0 = Debug|Any CPU
		{CE9B81A3-C8BB-40B0-8C95-2E6BB697D697}.Release|Any CPU.ActiveCfg = Release|Any CPU
		{CE9B81A3-C8BB-40B0-8C95-2E6BB697D697}.Release|Any CPU.Build.0 = Release|Any CPU
	EndGlobalSection
	GlobalSection(SolutionProperties) = preSolution
		HideSolutionNode = FALSE
	EndGlobalSection
EndGlobal
